github.com/nfnt/resize v0.0.0-20180221191011-83c6a9932646 h1:zYyBkD/k9seD2A7fsi6Oo2LfFZAehjjQMERAvZLEDnQ=
github.com/nfnt/resize v0.0.0-20180221191011-83c6a9932646/go.mod h1:jpp1/29i3P1S/RLdc7JQKbRpFeM1dOBd8T9ki5s+AY8=
github.com/qiniu/go-sdk/v7 v7.9.5 h1:hxsdSmRAfN8hp77OUjjDgKHyxjHpFlW5fC2rHC6hMRQ=
github.com/qiniu/go-sdk/v7 v7.9.5/go.mod h1:Eeqk1/Km3f1MuLUUkg2JCSg/dVkydKbBvEdJJqFgn9g=
golang.org/x/sync v0.0.0-20201207232520-09787c993a3a h1:DcqTD9SDLc+1P/r1EmRBwnVsrOwW+kk2vWf9n+1sGhs=
golang.org/x/sync v0.0.0-20201207232520-09787c993a3a/go.mod h1:RxMgew5VJxzue5/jJTE5uejpjVlOe/izrB70Jof72aM=
